
Microsoft Visual Studio Solution File, Format Version 12.00
# Visual Studio Version 17
VisualStudioVersion = 17.12.35707.178
MinimumVisualStudioVersion = 10.0.40219.1
Project("{FAE04EC0-301F-11D3-BF4B-00C04F79EFBC}") = "ClustersCopyAndAnalyze", "ClustersCopyAndAnalyze.csproj", "{103A15A3-43D4-4029-975A-582CB4CCA97C}"
EndProject
Project("{54435603-DBB4-11D2-8724-00A0C9A8B90C}") = "Setup", "..\Setup\Setup.vdproj", "{348D2DBA-F5A3-4ED0-90A2-A0275F0B0051}"
EndProject
Project("{FAE04EC0-301F-11D3-BF4B-00C04F79EFBC}") = "ClusterAnalyzer", "ClusterAnalyzer\ClusterAnalyzer.csproj", "{53420FBC-8C11-A5D6-568F-AC2B9CB88505}"
EndProject
Global
	GlobalSection(SolutionConfigurationPlatforms) = preSolution
		Debug|Any CPU = Debug|Any CPU
		Release|Any CPU = Release|Any CPU
	EndGlobalSection
	GlobalSection(ProjectConfigurationPlatforms) = postSolution
		{103A15A3-43D4-4029-975A-582CB4CCA97C}.Debug|Any CPU.ActiveCfg = Debug|Any CPU
		{103A15A3-43D4-4029-975A-582CB4CCA97C}.Debug|Any CPU.Build.0 = Debug|Any CPU
		{103A15A3-43D4-4029-975A-582CB4CCA97C}.Release|Any CPU.ActiveCfg = Release|Any CPU
		{103A15A3-43D4-4029-975A-582CB4CCA97C}.Release|Any CPU.Build.0 = Release|Any CPU
		{348D2DBA-F5A3-4ED0-90A2-A0275F0B0051}.Debug|Any CPU.ActiveCfg = Debug
		{348D2DBA-F5A3-4ED0-90A2-A0275F0B0051}.Release|Any CPU.ActiveCfg = Release
		{53420FBC-8C11-A5D6-568F-AC2B9CB88505}.Debug|Any CPU.ActiveCfg = Debug|Any CPU
		{53420FBC-8C11-A5D6-568F-AC2B9CB88505}.Debug|Any CPU.Build.0 = Debug|Any CPU
		{53420FBC-8C11-A5D6-568F-AC2B9CB88505}.Release|Any CPU.ActiveCfg = Release|Any CPU
		{53420FBC-8C11-A5D6-568F-AC2B9CB88505}.Release|Any CPU.Build.0 = Release|Any CPU
	EndGlobalSection
	GlobalSection(SolutionProperties) = preSolution
		HideSolutionNode = FALSE
	EndGlobalSection
	GlobalSection(ExtensibilityGlobals) = postSolution
		SolutionGuid = {8F903234-DE76-4CA2-B3A0-544AB770B1C8}
	EndGlobalSection
EndGlobal
